
Microsoft Visual Studio Solution File, Format Version 12.00
Project("{FAE04EC0-301F-11D3-BF4B-00C04F79EFBC}") = "Cw4", "Cw4\Cw4.csproj", "{B49AD227-C11A-4971-A3A4-42D623E0C698}"
EndProject
Global
	GlobalSection(SolutionConfigurationPlatforms) = preSolution
		Debug|Any CPU = Debug|Any CPU
		Release|Any CPU = Release|Any CPU
	EndGlobalSection
	GlobalSection(ProjectConfigurationPlatforms) = postSolution
		{B49AD227-C11A-4971-A3A4-42D623E0C698}.Debug|Any CPU.ActiveCfg = Debug|Any CPU
		{B49AD227-C11A-4971-A3A4-42D623E0C698}.Debug|Any CPU.Build.0 = Debug|Any CPU
		{B49AD227-C11A-4971-A3A4-42D623E0C698}.Release|Any CPU.ActiveCfg = Release|Any CPU
		{B49AD227-C11A-4971-A3A4-42D623E0C698}.Release|Any CPU.Build.0 = Release|Any CPU
	EndGlobalSection
EndGlobal
